// !$*UTF8*$!
{
	archiveVersion = 1;
	classes = {
	};
	objectVersion = 77;
	objects = {

/* Begin PBXBuildFile section */
		2AE312492DB9A298007B66F6 /* FirebaseAnalytics in Frameworks */ = {isa = PBXBuildFile; productRef = 2AE312482DB9A298007B66F6 /* FirebaseAnalytics */; };
		2AE3124B2DB9A298007B66F6 /* FirebaseAuth in Frameworks */ = {isa = PBXBuildFile; productRef = 2AE3124A2DB9A298007B66F6 /* FirebaseAuth */; };
		2AE3124D2DB9A298007B66F6 /* FirebaseRemoteConfig in Frameworks */ = {isa = PBXBuildFile; productRef = 2AE3124C2DB9A298007B66F6 /* FirebaseRemoteConfig */; };
		2AE312B22DB9F584007B66F6 /* FirebaseVertexAI in Frameworks */ = {isa = PBXBuildFile; productRef = 2AE312B12DB9F584007B66F6 /* FirebaseVertexAI */; };
/* End PBXBuildFile section */

/* Begin PBXContainerItemProxy section */
		2AE311E62DB925F0007B66F6 /* PBXContainerItemProxy */ = {
			isa = PBXContainerItemProxy;
			containerPortal = 2AE311CB2DB925EE007B66F6 /* Project object */;
			proxyType = 1;
			remoteGlobalIDString = 2AE311D22DB925EE007B66F6;
			remoteInfo = MoviesReviewsAISwiftUI;
		};
		2AE311F02DB925F0007B66F6 /* PBXContainerItemProxy */ = {
			isa = PBXContainerItemProxy;
			containerPortal = 2AE311CB2DB925EE007B66F6 /* Project object */;
			proxyType = 1;
			remoteGlobalIDString = 2AE311D22DB925EE007B66F6;
			remoteInfo = MoviesReviewsAISwiftUI;
		};
/* End PBXContainerItemProxy section */

/* Begin PBXFileReference section */
		2AE311D32DB925EE007B66F6 /* MoviesReviewsAISwiftUI.app */ = {isa = PBXFileReference; explicitFileType = wrapper.application; includeInIndex = 0; path = MoviesReviewsAISwiftUI.app; sourceTree = BUILT_PRODUCTS_DIR; };
		2AE311E52DB925F0007B66F6 /* MoviesReviewsAISwiftUITests.xctest */ = {isa = PBXFileReference; explicitFileType = wrapper.cfbundle; includeInIndex = 0; path = MoviesReviewsAISwiftUITests.xctest; sourceTree = BUILT_PRODUCTS_DIR; };
		2AE311EF2DB925F0007B66F6 /* MoviesReviewsAISwiftUIUITests.xctest */ = {isa = PBXFileReference; explicitFileType = wrapper.cfbundle; includeInIndex = 0; path = MoviesReviewsAISwiftUIUITests.xctest; sourceTree = BUILT_PRODUCTS_DIR; };
/* End PBXFileReference section */

/* Begin PBXFileSystemSynchronizedRootGroup section */
		2AE311D52DB925EE007B66F6 /* MoviesReviewsAISwiftUI */ = {
			isa = PBXFileSystemSynchronizedRootGroup;
			path = MoviesReviewsAISwiftUI;
			sourceTree = "<group>";
		};
		2AE311E82DB925F0007B66F6 /* MoviesReviewsAISwiftUITests */ = {
			isa = PBXFileSystemSynchronizedRootGroup;
			path = MoviesReviewsAISwiftUITests;
			sourceTree = "<group>";
		};
		2AE311F22DB925F0007B66F6 /* MoviesReviewsAISwiftUIUITests */ = {
			isa = PBXFileSystemSynchronizedRootGroup;
			path = MoviesReviewsAISwiftUIUITests;
			sourceTree = "<group>";
		};
/* End PBXFileSystemSynchronizedRootGroup section */

/* Begin PBXFrameworksBuildPhase section */
		2AE311D02DB925EE007B66F6 /* Frameworks */ = {
			isa = PBXFrameworksBuildPhase;
			buildActionMask = 2147483647;
			files = (
				2AE3124D2DB9A298007B66F6 /* FirebaseRemoteConfig in Frameworks */,
				2AE312B22DB9F584007B66F6 /* FirebaseVertexAI in Frameworks */,
				2AE312492DB9A298007B66F6 /* FirebaseAnalytics in Frameworks */,
				2AE3124B2DB9A298007B66F6 /* FirebaseAuth in Frameworks */,
			);
			runOnlyForDeploymentPostprocessing = 0;
		};
		2AE311E22DB925F0007B66F6 /* Frameworks */ = {
			isa = PBXFrameworksBuildPhase;
			buildActionMask = 2147483647;
			files = (
			);
			runOnlyForDeploymentPostprocessing = 0;
		};
		2AE311EC2DB925F0007B66F6 /* Frameworks */ = {
			isa = PBXFrameworksBuildPhase;
			buildActionMask = 2147483647;
			files = (
			);
			runOnlyForDeploymentPostprocessing = 0;
		};
/* End PBXFrameworksBuildPhase section */

/* Begin PBXGroup section */
		2AE311CA2DB925EE007B66F6 = {
			isa = PBXGroup;
			children = (
				2AE311D52DB925EE007B66F6 /* MoviesReviewsAISwiftUI */,
				2AE311E82DB925F0007B66F6 /* MoviesReviewsAISwiftUITests */,
				2AE311F22DB925F0007B66F6 /* MoviesReviewsAISwiftUIUITests */,
				2AE312B02DB9F584007B66F6 /* Frameworks */,
				2AE311D42DB925EE007B66F6 /* Products */,
			);
			sourceTree = "<group>";
		};
		2AE311D42DB925EE007B66F6 /* Products */ = {
			isa = PBXGroup;
			children = (
				2AE311D32DB925EE007B66F6 /* MoviesReviewsAISwiftUI.app */,
				2AE311E52DB925F0007B66F6 /* MoviesReviewsAISwiftUITests.xctest */,
				2AE311EF2DB925F0007B66F6 /* MoviesReviewsAISwiftUIUITests.xctest */,
			);
			name = Products;
			sourceTree = "<group>";
		};
		2AE312B02DB9F584007B66F6 /* Frameworks */ = {
			isa = PBXGroup;
			children = (
			);
			name = Frameworks;
			sourceTree = "<group>";
		};
/* End PBXGroup section */

/* Begin PBXNativeTarget section */
		2AE311D22DB925EE007B66F6 /* MoviesReviewsAISwiftUI */ = {
			isa = PBXNativeTarget;
			buildConfigurationList = 2AE311F92DB925F0007B66F6 /* Build configuration list for PBXNativeTarget "MoviesReviewsAISwiftUI" */;
			buildPhases = (
				2AE311CF2DB925EE007B66F6 /* Sources */,
				2AE311D02DB925EE007B66F6 /* Frameworks */,
				2AE311D12DB925EE007B66F6 /* Resources */,
			);
			buildRules = (
			);
			dependencies = (
			);
			fileSystemSynchronizedGroups = (
				2AE311D52DB925EE007B66F6 /* MoviesReviewsAISwiftUI */,
			);
			name = MoviesReviewsAISwiftUI;
			packageProductDependencies = (
				2AE312482DB9A298007B66F6 /* FirebaseAnalytics */,
				2AE3124A2DB9A298007B66F6 /* FirebaseAuth */,
				2AE3124C2DB9A298007B66F6 /* FirebaseRemoteConfig */,
				2AE312B12DB9F584007B66F6 /* FirebaseVertexAI */,
			);
			productName = MoviesReviewsAISwiftUI;
			productReference = 2AE311D32DB925EE007B66F6 /* MoviesReviewsAISwiftUI.app */;
			productType = "com.apple.product-type.application";
		};
		2AE311E42DB925F0007B66F6 /* MoviesReviewsAISwiftUITests */ = {
			isa = PBXNativeTarget;
			buildConfigurationList = 2AE311FC2DB925F0007B66F6 /* Build configuration list for PBXNativeTarget "MoviesReviewsAISwiftUITests" */;
			buildPhases = (
				2AE311E12DB925F0007B66F6 /* Sources */,
				2AE311E22DB925F0007B66F6 /* Frameworks */,
				2AE311E32DB925F0007B66F6 /* Resources */,
			);
			buildRules = (
			);
			dependencies = (
				2AE311E72DB925F0007B66F6 /* PBXTargetDependency */,
			);
			fileSystemSynchronizedGroups = (
				2AE311E82DB925F0007B66F6 /* MoviesReviewsAISwiftUITests */,
			);
			name = MoviesReviewsAISwiftUITests;
			packageProductDependencies = (
			);
			productName = MoviesReviewsAISwiftUITests;
			productReference = 2AE311E52DB925F0007B66F6 /* MoviesReviewsAISwiftUITests.xctest */;
			productType = "com.apple.product-type.bundle.unit-test";
		};
		2AE311EE2DB925F0007B66F6 /* MoviesReviewsAISwiftUIUITests */ = {
			isa = PBXNativeTarget;
			buildConfigurationList = 2AE311FF2DB925F0007B66F6 /* Build configuration list for PBXNativeTarget "MoviesReviewsAISwiftUIUITests" */;
			buildPhases = (
				2AE311EB2DB925F0007B66F6 /* Sources */,
				2AE311EC2DB925F0007B66F6 /* Frameworks */,
				2AE311ED2DB925F0007B66F6 /* Resources */,
			);
			buildRules = (
			);
			dependencies = (
				2AE311F12DB925F0007B66F6 /* PBXTargetDependency */,
			);
			fileSystemSynchronizedGroups = (
				2AE311F22DB925F0007B66F6 /* MoviesReviewsAISwiftUIUITests */,
			);
			name = MoviesReviewsAISwiftUIUITests;
			packageProductDependencies = (
			);
			productName = MoviesReviewsAISwiftUIUITests;
			productReference = 2AE311EF2DB925F0007B66F6 /* MoviesReviewsAISwiftUIUITests.xctest */;
			productType = "com.apple.product-type.bundle.ui-testing";
		};
/* End PBXNativeTarget section */

/* Begin PBXProject section */
		2AE311CB2DB925EE007B66F6 /* Project object */ = {
			isa = PBXProject;
			attributes = {
				BuildIndependentTargetsInParallel = 1;
				LastSwiftUpdateCheck = 1630;
				LastUpgradeCheck = 1630;
				TargetAttributes = {
					2AE311D22DB925EE007B66F6 = {
						CreatedOnToolsVersion = 16.3;
					};
					2AE311E42DB925F0007B66F6 = {
						CreatedOnToolsVersion = 16.3;
						TestTargetID = 2AE311D22DB925EE007B66F6;
					};
					2AE311EE2DB925F0007B66F6 = {
						CreatedOnToolsVersion = 16.3;
						TestTargetID = 2AE311D22DB925EE007B66F6;
					};
				};
			};
			buildConfigurationList = 2AE311CE2DB925EE007B66F6 /* Build configuration list for PBXProject "MoviesReviewsAISwiftUI" */;
			developmentRegion = en;
			hasScannedForEncodings = 0;
			knownRegions = (
				en,
				Base,
			);
			mainGroup = 2AE311CA2DB925EE007B66F6;
			minimizedProjectReferenceProxies = 1;
			packageReferences = (
				2AE312472DB9A298007B66F6 /* XCRemoteSwiftPackageReference "firebase-ios-sdk" */,
			);
			preferredProjectObjectVersion = 77;
			productRefGroup = 2AE311D42DB925EE007B66F6 /* Products */;
			projectDirPath = "";
			projectRoot = "";
			targets = (
				2AE311D22DB925EE007B66F6 /* MoviesReviewsAISwiftUI */,
				2AE311E42DB925F0007B66F6 /* MoviesReviewsAISwiftUITests */,
				2AE311EE2DB925F0007B66F6 /* MoviesReviewsAISwiftUIUITests */,
			);
		};
/* End PBXProject section */

/* Begin PBXResourcesBuildPhase section */
		2AE311D12DB925EE007B66F6 /* Resources */ = {
			isa = PBXResourcesBuildPhase;
			buildActionMask = 2147483647;
			files = (
			);
			runOnlyForDeploymentPostprocessing = 0;
		};
		2AE311E32DB925F0007B66F6 /* Resources */ = {
			isa = PBXResourcesBuildPhase;
			buildActionMask = 2147483647;
			files = (
			);
			runOnlyForDeploymentPostprocessing = 0;
		};
		2AE311ED2DB925F0007B66F6 /* Resources */ = {
			isa = PBXResourcesBuildPhase;
			buildActionMask = 2147483647;
			files = (
			);
			runOnlyForDeploymentPostprocessing = 0;
		};
/* End PBXResourcesBuildPhase section */

/* Begin PBXSourcesBuildPhase section */
		2AE311CF2DB925EE007B66F6 /* Sources */ = {
			isa = PBXSourcesBuildPhase;
			buildActionMask = 2147483647;
			files = (
			);
			runOnlyForDeploymentPostprocessing = 0;
		};
		2AE311E12DB925F0007B66F6 /* Sources */ = {
			isa = PBXSourcesBuildPhase;
			buildActionMask = 2147483647;
			files = (
			);
			runOnlyForDeploymentPostprocessing = 0;
		};
		2AE311EB2DB925F0007B66F6 /* Sources */ = {
			isa = PBXSourcesBuildPhase;
			buildActionMask = 2147483647;
			files = (
			);
			runOnlyForDeploymentPostprocessing = 0;
		};
/* End PBXSourcesBuildPhase section */

/* Begin PBXTargetDependency section */
		2AE311E72DB925F0007B66F6 /* PBXTargetDependency */ = {
			isa = PBXTargetDependency;
			target = 2AE311D22DB925EE007B66F6 /* MoviesReviewsAISwiftUI */;
			targetProxy = 2AE311E62DB925F0007B66F6 /* PBXContainerItemProxy */;
		};
		2AE311F12DB925F0007B66F6 /* PBXTargetDependency */ = {
			isa = PBXTargetDependency;
			target = 2AE311D22DB925EE007B66F6 /* MoviesReviewsAISwiftUI */;
			targetProxy = 2AE311F02DB925F0007B66F6 /* PBXContainerItemProxy */;
		};
/* End PBXTargetDependency section */

/* Begin XCBuildConfiguration section */
		2AE311F72DB925F0007B66F6 /* Debug */ = {
			isa = XCBuildConfiguration;
			buildSettings = {
				ALWAYS_SEARCH_USER_PATHS = NO;
				ASSETCATALOG_COMPILER_GENERATE_SWIFT_ASSET_SYMBOL_EXTENSIONS = YES;
				CLANG_ANALYZER_NONNULL = YES;
				CLANG_ANALYZER_NUMBER_OBJECT_CONVERSION = YES_AGGRESSIVE;
				CLANG_CXX_LANGUAGE_STANDARD = "gnu++20";
				CLANG_ENABLE_MODULES = YES;
				CLANG_ENABLE_OBJC_ARC = YES;
				CLANG_ENABLE_OBJC_WEAK = YES;
				CLANG_WARN_BLOCK_CAPTURE_AUTORELEASING = YES;
				CLANG_WARN_BOOL_CONVERSION = YES;
				CLANG_WARN_COMMA = YES;
				CLANG_WARN_CONSTANT_CONVERSION = YES;
				CLANG_WARN_DEPRECATED_OBJC_IMPLEMENTATIONS = YES;
				CLANG_WARN_DIRECT_OBJC_ISA_USAGE = YES_ERROR;
				CLANG_WARN_DOCUMENTATION_COMMENTS = YES;
				CLANG_WARN_EMPTY_BODY = YES;
				CLANG_WARN_ENUM_CONVERSION = YES;
				CLANG_WARN_INFINITE_RECURSION = YES;
				CLANG_WARN_INT_CONVERSION = YES;
				CLANG_WARN_NON_LITERAL_NULL_CONVERSION = YES;
				CLANG_WARN_OBJC_IMPLICIT_RETAIN_SELF = YES;
				CLANG_WARN_OBJC_LITERAL_CONVERSION = YES;
				CLANG_WARN_OBJC_ROOT_CLASS = YES_ERROR;
				CLANG_WARN_QUOTED_INCLUDE_IN_FRAMEWORK_HEADER = YES;
				CLANG_WARN_RANGE_LOOP_ANALYSIS = YES;
				CLANG_WARN_STRICT_PROTOTYPES = YES;
				CLANG_WARN_SUSPICIOUS_MOVE = YES;
				CLANG_WARN_UNGUARDED_AVAILABILITY = YES_AGGRESSIVE;
				CLANG_WARN_UNREACHABLE_CODE = YES;
				CLANG_WARN__DUPLICATE_METHOD_MATCH = YES;
				COPY_PHASE_STRIP = NO;
				DEBUG_INFORMATION_FORMAT = dwarf;
				DEVELOPMENT_TEAM = 5S22W76BBZ;
				ENABLE_STRICT_OBJC_MSGSEND = YES;
				ENABLE_TESTABILITY = YES;
				ENABLE_USER_SCRIPT_SANDBOXING = YES;
				GCC_C_LANGUAGE_STANDARD = gnu17;
				GCC_DYNAMIC_NO_PIC = NO;
				GCC_NO_COMMON_BLOCKS = YES;
				GCC_OPTIMIZATION_LEVEL = 0;
				GCC_PREPROCESSOR_DEFINITIONS = (
					"DEBUG=1",
					"$(inherited)",
				);
				GCC_WARN_64_TO_32_BIT_CONVERSION = YES;
				GCC_WARN_ABOUT_RETURN_TYPE = YES_ERROR;
				GCC_WARN_UNDECLARED_SELECTOR = YES;
				GCC_WARN_UNINITIALIZED_AUTOS = YES_AGGRESSIVE;
				GCC_WARN_UNUSED_FUNCTION = YES;
				GCC_WARN_UNUSED_VARIABLE = YES;
				IPHONEOS_DEPLOYMENT_TARGET = 18.4;
				LOCALIZATION_PREFERS_STRING_CATALOGS = YES;
				MTL_ENABLE_DEBUG_INFO = INCLUDE_SOURCE;
				MTL_FAST_MATH = YES;
				ONLY_ACTIVE_ARCH = YES;
				SDKROOT = iphoneos;
				SWIFT_ACTIVE_COMPILATION_CONDITIONS = "DEBUG $(inherited)";
				SWIFT_OPTIMIZATION_LEVEL = "-Onone";
			};
			name = Debug;
		};
		2AE311F82DB925F0007B66F6 /* Release */ = {
			isa = XCBuildConfiguration;
			buildSettings = {
				ALWAYS_SEARCH_USER_PATHS = NO;
				ASSETCATALOG_COMPILER_GENERATE_SWIFT_ASSET_SYMBOL_EXTENSIONS = YES;
				CLANG_ANALYZER_NONNULL = YES;
				CLANG_ANALYZER_NUMBER_OBJECT_CONVERSION = YES_AGGRESSIVE;
				CLANG_CXX_LANGUAGE_STANDARD = "gnu++20";
				CLANG_ENABLE_MODULES = YES;
				CLANG_ENABLE_OBJC_ARC = YES;
				CLANG_ENABLE_OBJC_WEAK = YES;
				CLANG_WARN_BLOCK_CAPTURE_AUTORELEASING = YES;
				CLANG_WARN_BOOL_CONVERSION = YES;
				CLANG_WARN_COMMA = YES;
				CLANG_WARN_CONSTANT_CONVERSION = YES;
				CLANG_WARN_DEPRECATED_OBJC_IMPLEMENTATIONS = YES;
				CLANG_WARN_DIRECT_OBJC_ISA_USAGE = YES_ERROR;
				CLANG_WARN_DOCUMENTATION_COMMENTS = YES;
				CLANG_WARN_EMPTY_BODY = YES;
				CLANG_WARN_ENUM_CONVERSION = YES;
				CLANG_WARN_INFINITE_RECURSION = YES;
				CLANG_WARN_INT_CONVERSION = YES;
				CLANG_WARN_NON_LITERAL_NULL_CONVERSION = YES;
				CLANG_WARN_OBJC_IMPLICIT_RETAIN_SELF = YES;
				CLANG_WARN_OBJC_LITERAL_CONVERSION = YES;
				CLANG_WARN_OBJC_ROOT_CLASS = YES_ERROR;
				CLANG_WARN_QUOTED_INCLUDE_IN_FRAMEWORK_HEADER = YES;
				CLANG_WARN_RANGE_LOOP_ANALYSIS = YES;
				CLANG_WARN_STRICT_PROTOTYPES = YES;
				CLANG_WARN_SUSPICIOUS_MOVE = YES;
				CLANG_WARN_UNGUARDED_AVAILABILITY = YES_AGGRESSIVE;
				CLANG_WARN_UNREACHABLE_CODE = YES;
				CLANG_WARN__DUPLICATE_METHOD_MATCH = YES;
				COPY_PHASE_STRIP = NO;
				DEBUG_INFORMATION_FORMAT = "dwarf-with-dsym";
				DEVELOPMENT_TEAM = 5S22W76BBZ;
				ENABLE_NS_ASSERTIONS = NO;
				ENABLE_STRICT_OBJC_MSGSEND = YES;
				ENABLE_USER_SCRIPT_SANDBOXING = YES;
				GCC_C_LANGUAGE_STANDARD = gnu17;
				GCC_NO_COMMON_BLOCKS = YES;
				GCC_WARN_64_TO_32_BIT_CONVERSION = YES;
				GCC_WARN_ABOUT_RETURN_TYPE = YES_ERROR;
				GCC_WARN_UNDECLARED_SELECTOR = YES;
				GCC_WARN_UNINITIALIZED_AUTOS = YES_AGGRESSIVE;
				GCC_WARN_UNUSED_FUNCTION = YES;
				GCC_WARN_UNUSED_VARIABLE = YES;
				IPHONEOS_DEPLOYMENT_TARGET = 18.4;
				LOCALIZATION_PREFERS_STRING_CATALOGS = YES;
				MTL_ENABLE_DEBUG_INFO = NO;
				MTL_FAST_MATH = YES;
				SDKROOT = iphoneos;
				SWIFT_COMPILATION_MODE = wholemodule;
				VALIDATE_PRODUCT = YES;
			};
			name = Release;
		};
		2AE311FA2DB925F0007B66F6 /* Debug */ = {
			isa = XCBuildConfiguration;
			buildSettings = {
				ASSETCATALOG_COMPILER_APPICON_NAME = AppIcon;
				ASSETCATALOG_COMPILER_GLOBAL_ACCENT_COLOR_NAME = AccentColor;
				CODE_SIGN_STYLE = Automatic;
				CURRENT_PROJECT_VERSION = 1;
				DEVELOPMENT_TEAM = 5S22W76BBZ;
				ENABLE_PREVIEWS = YES;
				GENERATE_INFOPLIST_FILE = YES;
				INFOPLIST_KEY_UIApplicationSceneManifest_Generation = YES;
				INFOPLIST_KEY_UIApplicationSupportsIndirectInputEvents = YES;
				INFOPLIST_KEY_UILaunchScreen_Generation = YES;
				INFOPLIST_KEY_UISupportedInterfaceOrientations_iPad = "UIInterfaceOrientationPortrait UIInterfaceOrientationPortraitUpsideDown UIInterfaceOrientationLandscapeLeft UIInterfaceOrientationLandscapeRight";
				INFOPLIST_KEY_UISupportedInterfaceOrientations_iPhone = "UIInterfaceOrientationPortrait UIInterfaceOrientationLandscapeLeft UIInterfaceOrientationLandscapeRight";
				LD_RUNPATH_SEARCH_PATHS = (
					"$(inherited)",
					"@executable_path/Frameworks",
				);
				MARKETING_VERSION = 1.0;
				PRODUCT_BUNDLE_IDENTIFIER = com.kevinhomorales.moviesreviewsaiswiftui;
				PRODUCT_NAME = "$(TARGET_NAME)";
				SWIFT_EMIT_LOC_STRINGS = YES;
				SWIFT_VERSION = 5.0;
				TARGETED_DEVICE_FAMILY = "1,2";
			};
			name = Debug;
		};
		2AE311FB2DB925F0007B66F6 /* Release */ = {
			isa = XCBuildConfiguration;
			buildSettings = {
				ASSETCATALOG_COMPILER_APPICON_NAME = AppIcon;
				ASSETCATALOG_COMPILER_GLOBAL_ACCENT_COLOR_NAME = AccentColor;
				CODE_SIGN_STYLE = Automatic;
				CURRENT_PROJECT_VERSION = 1;
				DEVELOPMENT_TEAM = 5S22W76BBZ;
				ENABLE_PREVIEWS = YES;
				GENERATE_INFOPLIST_FILE = YES;
				INFOPLIST_KEY_UIApplicationSceneManifest_Generation = YES;
				INFOPLIST_KEY_UIApplicationSupportsIndirectInputEvents = YES;
				INFOPLIST_KEY_UILaunchScreen_Generation = YES;
				INFOPLIST_KEY_UISupportedInterfaceOrientations_iPad = "UIInterfaceOrientationPortrait UIInterfaceOrientationPortraitUpsideDown UIInterfaceOrientationLandscapeLeft UIInterfaceOrientationLandscapeRight";
				INFOPLIST_KEY_UISupportedInterfaceOrientations_iPhone = "UIInterfaceOrientationPortrait UIInterfaceOrientationLandscapeLeft UIInterfaceOrientationLandscapeRight";
				LD_RUNPATH_SEARCH_PATHS = (
					"$(inherited)",
					"@executable_path/Frameworks",
				);
				MARKETING_VERSION = 1.0;
				PRODUCT_BUNDLE_IDENTIFIER = com.kevinhomorales.moviesreviewsaiswiftui;
				PRODUCT_NAME = "$(TARGET_NAME)";
				SWIFT_EMIT_LOC_STRINGS = YES;
				SWIFT_VERSION = 5.0;
				TARGETED_DEVICE_FAMILY = "1,2";
			};
			name = Release;
		};
		2AE311FD2DB925F0007B66F6 /* Debug */ = {
			isa = XCBuildConfiguration;
			buildSettings = {
				BUNDLE_LOADER = "$(TEST_HOST)";
				CODE_SIGN_STYLE = Automatic;
				CURRENT_PROJECT_VERSION = 1;
				DEVELOPMENT_TEAM = 5S22W76BBZ;
				GENERATE_INFOPLIST_FILE = YES;
				IPHONEOS_DEPLOYMENT_TARGET = 18.4;
				MARKETING_VERSION = 1.0;
				PRODUCT_BUNDLE_IDENTIFIER = com.kevinhomorales.MoviesReviewsAISwiftUITests;
				PRODUCT_NAME = "$(TARGET_NAME)";
				SWIFT_EMIT_LOC_STRINGS = NO;
				SWIFT_VERSION = 5.0;
				TARGETED_DEVICE_FAMILY = "1,2";
				TEST_HOST = "$(BUILT_PRODUCTS_DIR)/MoviesReviewsAISwiftUI.app/$(BUNDLE_EXECUTABLE_FOLDER_PATH)/MoviesReviewsAISwiftUI";
			};
			name = Debug;
		};
		2AE311FE2DB925F0007B66F6 /* Release */ = {
			isa = XCBuildConfiguration;
			buildSettings = {
				BUNDLE_LOADER = "$(TEST_HOST)";
				CODE_SIGN_STYLE = Automatic;
				CURRENT_PROJECT_VERSION = 1;
				DEVELOPMENT_TEAM = 5S22W76BBZ;
				GENERATE_INFOPLIST_FILE = YES;
				IPHONEOS_DEPLOYMENT_TARGET = 18.4;
				MARKETING_VERSION = 1.0;
				PRODUCT_BUNDLE_IDENTIFIER = com.kevinhomorales.MoviesReviewsAISwiftUITests;
				PRODUCT_NAME = "$(TARGET_NAME)";
				SWIFT_EMIT_LOC_STRINGS = NO;
				SWIFT_VERSION = 5.0;
				TARGETED_DEVICE_FAMILY = "1,2";
				TEST_HOST = "$(BUILT_PRODUCTS_DIR)/MoviesReviewsAISwiftUI.app/$(BUNDLE_EXECUTABLE_FOLDER_PATH)/MoviesReviewsAISwiftUI";
			};
			name = Release;
		};
		2AE312002DB925F0007B66F6 /* Debug */ = {
			isa = XCBuildConfiguration;
			buildSettings = {
				CODE_SIGN_STYLE = Automatic;
				CURRENT_PROJECT_VERSION = 1;
				DEVELOPMENT_TEAM = 5S22W76BBZ;
				GENERATE_INFOPLIST_FILE = YES;
				MARKETING_VERSION = 1.0;
				PRODUCT_BUNDLE_IDENTIFIER = com.kevinhomorales.MoviesReviewsAISwiftUIUITests;
				PRODUCT_NAME = "$(TARGET_NAME)";
				SWIFT_EMIT_LOC_STRINGS = NO;
				SWIFT_VERSION = 5.0;
				TARGETED_DEVICE_FAMILY = "1,2";
				TEST_TARGET_NAME = MoviesReviewsAISwiftUI;
			};
			name = Debug;
		};
		2AE312012DB925F0007B66F6 /* Release */ = {
			isa = XCBuildConfiguration;
			buildSettings = {
				CODE_SIGN_STYLE = Automatic;
				CURRENT_PROJECT_VERSION = 1;
				DEVELOPMENT_TEAM = 5S22W76BBZ;
				GENERATE_INFOPLIST_FILE = YES;
				MARKETING_VERSION = 1.0;
				PRODUCT_BUNDLE_IDENTIFIER = com.kevinhomorales.MoviesReviewsAISwiftUIUITests;
				PRODUCT_NAME = "$(TARGET_NAME)";
				SWIFT_EMIT_LOC_STRINGS = NO;
				SWIFT_VERSION = 5.0;
				TARGETED_DEVICE_FAMILY = "1,2";
				TEST_TARGET_NAME = MoviesReviewsAISwiftUI;
			};
			name = Release;
		};
/* End XCBuildConfiguration section */

/* Begin XCConfigurationList section */
		2AE311CE2DB925EE007B66F6 /* Build configuration list for PBXProject "MoviesReviewsAISwiftUI" */ = {
			isa = XCConfigurationList;
			buildConfigurations = (
				2AE311F72DB925F0007B66F6 /* Debug */,
				2AE311F82DB925F0007B66F6 /* Release */,
			);
			defaultConfigurationIsVisible = 0;
			defaultConfigurationName = Release;
		};
		2AE311F92DB925F0007B66F6 /* Build configuration list for PBXNativeTarget "MoviesReviewsAISwiftUI" */ = {
			isa = XCConfigurationList;
			buildConfigurations = (
				2AE311FA2DB925F0007B66F6 /* Debug */,
				2AE311FB2DB925F0007B66F6 /* Release */,
			);
			defaultConfigurationIsVisible = 0;
			defaultConfigurationName = Release;
		};
		2AE311FC2DB925F0007B66F6 /* Build configuration list for PBXNativeTarget "MoviesReviewsAISwiftUITests" */ = {
			isa = XCConfigurationList;
			buildConfigurations = (
				2AE311FD2DB925F0007B66F6 /* Debug */,
				2AE311FE2DB925F0007B66F6 /* Release */,
			);
			defaultConfigurationIsVisible = 0;
			defaultConfigurationName = Release;
		};
		2AE311FF2DB925F0007B66F6 /* Build configuration list for PBXNativeTarget "MoviesReviewsAISwiftUIUITests" */ = {
			isa = XCConfigurationList;
			buildConfigurations = (
				2AE312002DB925F0007B66F6 /* Debug */,
				2AE312012DB925F0007B66F6 /* Release */,
			);
			defaultConfigurationIsVisible = 0;
			defaultConfigurationName = Release;
		};
/* End XCConfigurationList section */

/* Begin XCRemoteSwiftPackageReference section */
		2AE312472DB9A298007B66F6 /* XCRemoteSwiftPackageReference "firebase-ios-sdk" */ = {
			isa = XCRemoteSwiftPackageReference;
			repositoryURL = "https://github.com/firebase/firebase-ios-sdk";
			requirement = {
				kind = upToNextMajorVersion;
				minimumVersion = 11.12.0;
			};
		};
/* End XCRemoteSwiftPackageReference section */

/* Begin XCSwiftPackageProductDependency section */
		2AE312482DB9A298007B66F6 /* FirebaseAnalytics */ = {
			isa = XCSwiftPackageProductDependency;
			package = 2AE312472DB9A298007B66F6 /* XCRemoteSwiftPackageReference "firebase-ios-sdk" */;
			productName = FirebaseAnalytics;
		};
		2AE3124A2DB9A298007B66F6 /* FirebaseAuth */ = {
			isa = XCSwiftPackageProductDependency;
			package = 2AE312472DB9A298007B66F6 /* XCRemoteSwiftPackageReference "firebase-ios-sdk" */;
			productName = FirebaseAuth;
		};
		2AE3124C2DB9A298007B66F6 /* FirebaseRemoteConfig */ = {
			isa = XCSwiftPackageProductDependency;
			package = 2AE312472DB9A298007B66F6 /* XCRemoteSwiftPackageReference "firebase-ios-sdk" */;
			productName = FirebaseRemoteConfig;
		};
		2AE312B12DB9F584007B66F6 /* FirebaseVertexAI */ = {
			isa = XCSwiftPackageProductDependency;
			package = 2AE312472DB9A298007B66F6 /* XCRemoteSwiftPackageReference "firebase-ios-sdk" */;
			productName = FirebaseVertexAI;
		};
/* End XCSwiftPackageProductDependency section */
	};
	rootObject = 2AE311CB2DB925EE007B66F6 /* Project object */;
}
